// !$*UTF8*$!
{
	archiveVersion = 1;
	classes = {
	};
	objectVersion = 46;
	objects = {

/* Begin PBXBuildFile section */
		34F168BF1E4F0336005AC941 /* AppDelegate.swift in Sources */ = {isa = PBXBuildFile; fileRef = 34F168BE1E4F0336005AC941 /* AppDelegate.swift */; };
		34F168C11E4F0336005AC941 /* ViewController.swift in Sources */ = {isa = PBXBuildFile; fileRef = 34F168C01E4F0336005AC941 /* ViewController.swift */; };
		34F168C41E4F0336005AC941 /* Main.storyboard in Resources */ = {isa = PBXBuildFile; fileRef = 34F168C21E4F0336005AC941 /* Main.storyboard */; };
		34F168C61E4F0336005AC941 /* Assets.xcassets in Resources */ = {isa = PBXBuildFile; fileRef = 34F168C51E4F0336005AC941 /* Assets.xcassets */; };
		34F168C91E4F0336005AC941 /* LaunchScreen.storyboard in Resources */ = {isa = PBXBuildFile; fileRef = 34F168C71E4F0336005AC941 /* LaunchScreen.storyboard */; };
		34F168D41E4F0336005AC941 /* SwiftSimPushTests.swift in Sources */ = {isa = PBXBuildFile; fileRef = 34F168D31E4F0336005AC941 /* SwiftSimPushTests.swift */; };
		34F168DF1E4F0336005AC941 /* SwiftSimPushUITests.swift in Sources */ = {isa = PBXBuildFile; fileRef = 34F168DE1E4F0336005AC941 /* SwiftSimPushUITests.swift */; };
		34F168ED1E4F0355005AC941 /* shipitmobi.framework in Frameworks */ = {isa = PBXBuildFile; fileRef = 34F168EC1E4F0355005AC941 /* shipitmobi.framework */; };
		34F168F11E4F03B2005AC941 /* TempObjCFile.m in Sources */ = {isa = PBXBuildFile; fileRef = 34F168F01E4F03B2005AC941 /* TempObjCFile.m */; };
/* End PBXBuildFile section */

/* Begin PBXContainerItemProxy section */
		34F168D01E4F0336005AC941 /* PBXContainerItemProxy */ = {
			isa = PBXContainerItemProxy;
			containerPortal = 34F168B31E4F0336005AC941 /* Project object */;
			proxyType = 1;
			remoteGlobalIDString = 34F168BA1E4F0336005AC941;
			remoteInfo = SwiftSimPush;
		};
		34F168DB1E4F0336005AC941 /* PBXContainerItemProxy */ = {
			isa = PBXContainerItemProxy;
			containerPortal = 34F168B31E4F0336005AC941 /* Project object */;
			proxyType = 1;
			remoteGlobalIDString = 34F168BA1E4F0336005AC941;
			remoteInfo = SwiftSimPush;
		};
/* End PBXContainerItemProxy section */

/* Begin PBXFileReference section */
		34F168BB1E4F0336005AC941 /* SwiftSimPush.app */ = {isa = PBXFileReference; explicitFileType = wrapper.application; includeInIndex = 0; path = SwiftSimPush.app; sourceTree = BUILT_PRODUCTS_DIR; };
		34F168BE1E4F0336005AC941 /* AppDelegate.swift */ = {isa = PBXFileReference; lastKnownFileType = sourcecode.swift; path = AppDelegate.swift; sourceTree = "<group>"; };
		34F168C01E4F0336005AC941 /* ViewController.swift */ = {isa = PBXFileReference; lastKnownFileType = sourcecode.swift; path = ViewController.swift; sourceTree = "<group>"; };
		34F168C31E4F0336005AC941 /* Base */ = {isa = PBXFileReference; lastKnownFileType = file.storyboard; name = Base; path = Base.lproj/Main.storyboard; sourceTree = "<group>"; };
		34F168C51E4F0336005AC941 /* Assets.xcassets */ = {isa = PBXFileReference; lastKnownFileType = folder.assetcatalog; path = Assets.xcassets; sourceTree = "<group>"; };
		34F168C81E4F0336005AC941 /* Base */ = {isa = PBXFileReference; lastKnownFileType = file.storyboard; name = Base; path = Base.lproj/LaunchScreen.storyboard; sourceTree = "<group>"; };
		34F168CA1E4F0336005AC941 /* Info.plist */ = {isa = PBXFileReference; lastKnownFileType = text.plist.xml; path = Info.plist; sourceTree = "<group>"; };
		34F168CF1E4F0336005AC941 /* SwiftSimPushTests.xctest */ = {isa = PBXFileReference; explicitFileType = wrapper.cfbundle; includeInIndex = 0; path = SwiftSimPushTests.xctest; sourceTree = BUILT_PRODUCTS_DIR; };
		34F168D31E4F0336005AC941 /* SwiftSimPushTests.swift */ = {isa = PBXFileReference; lastKnownFileType = sourcecode.swift; path = SwiftSimPushTests.swift; sourceTree = "<group>"; };
		34F168D51E4F0336005AC941 /* Info.plist */ = {isa = PBXFileReference; lastKnownFileType = text.plist.xml; path = Info.plist; sourceTree = "<group>"; };
		34F168DA1E4F0336005AC941 /* SwiftSimPushUITests.xctest */ = {isa = PBXFileReference; explicitFileType = wrapper.cfbundle; includeInIndex = 0; path = SwiftSimPushUITests.xctest; sourceTree = BUILT_PRODUCTS_DIR; };
		34F168DE1E4F0336005AC941 /* SwiftSimPushUITests.swift */ = {isa = PBXFileReference; lastKnownFileType = sourcecode.swift; path = SwiftSimPushUITests.swift; sourceTree = "<group>"; };
		34F168E01E4F0336005AC941 /* Info.plist */ = {isa = PBXFileReference; lastKnownFileType = text.plist.xml; path = Info.plist; sourceTree = "<group>"; };
		34F168EC1E4F0355005AC941 /* shipitmobi.framework */ = {isa = PBXFileReference; lastKnownFileType = wrapper.framework; path = shipitmobi.framework; sourceTree = "<group>"; };
		34F168EF1E4F03B2005AC941 /* SwiftSimPush-Bridging-Header.h */ = {isa = PBXFileReference; lastKnownFileType = sourcecode.c.h; path = "SwiftSimPush-Bridging-Header.h"; sourceTree = "<group>"; };
		34F168F01E4F03B2005AC941 /* TempObjCFile.m */ = {isa = PBXFileReference; fileEncoding = 4; lastKnownFileType = sourcecode.c.objc; path = TempObjCFile.m; sourceTree = "<group>"; };
		34F168F21E4F53D7005AC941 /* SwiftSimPush.entitlements */ = {isa = PBXFileReference; lastKnownFileType = text.plist.entitlements; path = SwiftSimPush.entitlements; sourceTree = "<group>"; };
/* End PBXFileReference section */

/* Begin PBXFrameworksBuildPhase section */
		34F168B81E4F0336005AC941 /* Frameworks */ = {
			isa = PBXFrameworksBuildPhase;
			buildActionMask = 2147483647;
			files = (
				34F168ED1E4F0355005AC941 /* shipitmobi.framework in Frameworks */,
			);
			runOnlyForDeploymentPostprocessing = 0;
		};
		34F168CC1E4F0336005AC941 /* Frameworks */ = {
			isa = PBXFrameworksBuildPhase;
			buildActionMask = 2147483647;
			files = (
			);
			runOnlyForDeploymentPostprocessing = 0;
		};
		34F168D71E4F0336005AC941 /* Frameworks */ = {
			isa = PBXFrameworksBuildPhase;
			buildActionMask = 2147483647;
			files = (
			);
			runOnlyForDeploymentPostprocessing = 0;
		};
/* End PBXFrameworksBuildPhase section */

/* Begin PBXGroup section */
		34F168B21E4F0336005AC941 = {
			isa = PBXGroup;
			children = (
				34F168BD1E4F0336005AC941 /* SwiftSimPush */,
				34F168D21E4F0336005AC941 /* SwiftSimPushTests */,
				34F168DD1E4F0336005AC941 /* SwiftSimPushUITests */,
				34F168BC1E4F0336005AC941 /* Products */,
			);
			sourceTree = "<group>";
		};
		34F168BC1E4F0336005AC941 /* Products */ = {
			isa = PBXGroup;
			children = (
				34F168BB1E4F0336005AC941 /* SwiftSimPush.app */,
				34F168CF1E4F0336005AC941 /* SwiftSimPushTests.xctest */,
				34F168DA1E4F0336005AC941 /* SwiftSimPushUITests.xctest */,
			);
			name = Products;
			sourceTree = "<group>";
		};
		34F168BD1E4F0336005AC941 /* SwiftSimPush */ = {
			isa = PBXGroup;
			children = (
				34F168F21E4F53D7005AC941 /* SwiftSimPush.entitlements */,
				34F168EE1E4F035A005AC941 /* Frameworks */,
				34F168BE1E4F0336005AC941 /* AppDelegate.swift */,
				34F168C01E4F0336005AC941 /* ViewController.swift */,
				34F168C21E4F0336005AC941 /* Main.storyboard */,
				34F168C51E4F0336005AC941 /* Assets.xcassets */,
				34F168C71E4F0336005AC941 /* LaunchScreen.storyboard */,
				34F168CA1E4F0336005AC941 /* Info.plist */,
				34F168F01E4F03B2005AC941 /* TempObjCFile.m */,
				34F168EF1E4F03B2005AC941 /* SwiftSimPush-Bridging-Header.h */,
			);
			path = SwiftSimPush;
			sourceTree = "<group>";
		};
		34F168D21E4F0336005AC941 /* SwiftSimPushTests */ = {
			isa = PBXGroup;
			children = (
				34F168D31E4F0336005AC941 /* SwiftSimPushTests.swift */,
				34F168D51E4F0336005AC941 /* Info.plist */,
			);
			path = SwiftSimPushTests;
			sourceTree = "<group>";
		};
		34F168DD1E4F0336005AC941 /* SwiftSimPushUITests */ = {
			isa = PBXGroup;
			children = (
				34F168DE1E4F0336005AC941 /* SwiftSimPushUITests.swift */,
				34F168E01E4F0336005AC941 /* Info.plist */,
			);
			path = SwiftSimPushUITests;
			sourceTree = "<group>";
		};
		34F168EE1E4F035A005AC941 /* Frameworks */ = {
			isa = PBXGroup;
			children = (
				34F168EC1E4F0355005AC941 /* shipitmobi.framework */,
			);
			name = Frameworks;
			sourceTree = "<group>";
		};
/* End PBXGroup section */

/* Begin PBXNativeTarget section */
		34F168BA1E4F0336005AC941 /* SwiftSimPush */ = {
			isa = PBXNativeTarget;
			buildConfigurationList = 34F168E31E4F0336005AC941 /* Build configuration list for PBXNativeTarget "SwiftSimPush" */;
			buildPhases = (
				34F168B71E4F0336005AC941 /* Sources */,
				34F168B81E4F0336005AC941 /* Frameworks */,
				34F168B91E4F0336005AC941 /* Resources */,
			);
			buildRules = (
			);
			dependencies = (
			);
			name = SwiftSimPush;
			productName = SwiftSimPush;
			productReference = 34F168BB1E4F0336005AC941 /* SwiftSimPush.app */;
			productType = "com.apple.product-type.application";
		};
		34F168CE1E4F0336005AC941 /* SwiftSimPushTests */ = {
			isa = PBXNativeTarget;
			buildConfigurationList = 34F168E61E4F0336005AC941 /* Build configuration list for PBXNativeTarget "SwiftSimPushTests" */;
			buildPhases = (
				34F168CB1E4F0336005AC941 /* Sources */,
				34F168CC1E4F0336005AC941 /* Frameworks */,
				34F168CD1E4F0336005AC941 /* Resources */,
			);
			buildRules = (
			);
			dependencies = (
				34F168D11E4F0336005AC941 /* PBXTargetDependency */,
			);
			name = SwiftSimPushTests;
			productName = SwiftSimPushTests;
			productReference = 34F168CF1E4F0336005AC941 /* SwiftSimPushTests.xctest */;
			productType = "com.apple.product-type.bundle.unit-test";
		};
		34F168D91E4F0336005AC941 /* SwiftSimPushUITests */ = {
			isa = PBXNativeTarget;
			buildConfigurationList = 34F168E91E4F0336005AC941 /* Build configuration list for PBXNativeTarget "SwiftSimPushUITests" */;
			buildPhases = (
				34F168D61E4F0336005AC941 /* Sources */,
				34F168D71E4F0336005AC941 /* Frameworks */,
				34F168D81E4F0336005AC941 /* Resources */,
			);
			buildRules = (
			);
			dependencies = (
				34F168DC1E4F0336005AC941 /* PBXTargetDependency */,
			);
			name = SwiftSimPushUITests;
			productName = SwiftSimPushUITests;
			productReference = 34F168DA1E4F0336005AC941 /* SwiftSimPushUITests.xctest */;
			productType = "com.apple.product-type.bundle.ui-testing";
		};
/* End PBXNativeTarget section */

/* Begin PBXProject section */
		34F168B31E4F0336005AC941 /* Project object */ = {
			isa = PBXProject;
			attributes = {
				LastSwiftUpdateCheck = 0820;
				LastUpgradeCheck = 0820;
				ORGANIZATIONNAME = Karmatics;
				TargetAttributes = {
					34F168BA1E4F0336005AC941 = {
						CreatedOnToolsVersion = 8.2.1;
						DevelopmentTeam = AX489K7TET;
						LastSwiftMigration = 0820;
						ProvisioningStyle = Automatic;
						SystemCapabilities = {
							com.apple.Push = {
								enabled = 1;
							};
						};
					};
					34F168CE1E4F0336005AC941 = {
						CreatedOnToolsVersion = 8.2.1;
						DevelopmentTeam = AX489K7TET;
						ProvisioningStyle = Automatic;
						TestTargetID = 34F168BA1E4F0336005AC941;
					};
					34F168D91E4F0336005AC941 = {
						CreatedOnToolsVersion = 8.2.1;
						DevelopmentTeam = AX489K7TET;
						ProvisioningStyle = Automatic;
						TestTargetID = 34F168BA1E4F0336005AC941;
					};
				};
			};
			buildConfigurationList = 34F168B61E4F0336005AC941 /* Build configuration list for PBXProject "SwiftSimPush" */;
			compatibilityVersion = "Xcode 3.2";
			developmentRegion = English;
			hasScannedForEncodings = 0;
			knownRegions = (
				en,
				Base,
			);
			mainGroup = 34F168B21E4F0336005AC941;
			productRefGroup = 34F168BC1E4F0336005AC941 /* Products */;
			projectDirPath = "";
			projectRoot = "";
			targets = (
				34F168BA1E4F0336005AC941 /* SwiftSimPush */,
				34F168CE1E4F0336005AC941 /* SwiftSimPushTests */,
				34F168D91E4F0336005AC941 /* SwiftSimPushUITests */,
			);
		};
/* End PBXProject section */

/* Begin PBXResourcesBuildPhase section */
		34F168B91E4F0336005AC941 /* Resources */ = {
			isa = PBXResourcesBuildPhase;
			buildActionMask = 2147483647;
			files = (
				34F168C91E4F0336005AC941 /* LaunchScreen.storyboard in Resources */,
				34F168C61E4F0336005AC941 /* Assets.xcassets in Resources */,
				34F168C41E4F0336005AC941 /* Main.storyboard in Resources */,
			);
			runOnlyForDeploymentPostprocessing = 0;
		};
		34F168CD1E4F0336005AC941 /* Resources */ = {
			isa = PBXResourcesBuildPhase;
			buildActionMask = 2147483647;
			files = (
			);
			runOnlyForDeploymentPostprocessing = 0;
		};
		34F168D81E4F0336005AC941 /* Resources */ = {
			isa = PBXResourcesBuildPhase;
			buildActionMask = 2147483647;
			files = (
			);
			runOnlyForDeploymentPostprocessing = 0;
		};
/* End PBXResourcesBuildPhase section */

/* Begin PBXSourcesBuildPhase section */
		34F168B71E4F0336005AC941 /* Sources */ = {
			isa = PBXSourcesBuildPhase;
			buildActionMask = 2147483647;
			files = (
				34F168C11E4F0336005AC941 /* ViewController.swift in Sources */,
				34F168F11E4F03B2005AC941 /* TempObjCFile.m in Sources */,
				34F168BF1E4F0336005AC941 /* AppDelegate.swift in Sources */,
			);
			runOnlyForDeploymentPostprocessing = 0;
		};
		34F168CB1E4F0336005AC941 /* Sources */ = {
			isa = PBXSourcesBuildPhase;
			buildActionMask = 2147483647;
			files = (
				34F168D41E4F0336005AC941 /* SwiftSimPushTests.swift in Sources */,
			);
			runOnlyForDeploymentPostprocessing = 0;
		};
		34F168D61E4F0336005AC941 /* Sources */ = {
			isa = PBXSourcesBuildPhase;
			buildActionMask = 2147483647;
			files = (
				34F168DF1E4F0336005AC941 /* SwiftSimPushUITests.swift in Sources */,
			);
			runOnlyForDeploymentPostprocessing = 0;
		};
/* End PBXSourcesBuildPhase section */

/* Begin PBXTargetDependency section */
		34F168D11E4F0336005AC941 /* PBXTargetDependency */ = {
			isa = PBXTargetDependency;
			target = 34F168BA1E4F0336005AC941 /* SwiftSimPush */;
			targetProxy = 34F168D01E4F0336005AC941 /* PBXContainerItemProxy */;
		};
		34F168DC1E4F0336005AC941 /* PBXTargetDependency */ = {
			isa = PBXTargetDependency;
			target = 34F168BA1E4F0336005AC941 /* SwiftSimPush */;
			targetProxy = 34F168DB1E4F0336005AC941 /* PBXContainerItemProxy */;
		};
/* End PBXTargetDependency section */

/* Begin PBXVariantGroup section */
		34F168C21E4F0336005AC941 /* Main.storyboard */ = {
			isa = PBXVariantGroup;
			children = (
				34F168C31E4F0336005AC941 /* Base */,
			);
			name = Main.storyboard;
			sourceTree = "<group>";
		};
		34F168C71E4F0336005AC941 /* LaunchScreen.storyboard */ = {
			isa = PBXVariantGroup;
			children = (
				34F168C81E4F0336005AC941 /* Base */,
			);
			name = LaunchScreen.storyboard;
			sourceTree = "<group>";
		};
/* End PBXVariantGroup section */

/* Begin XCBuildConfiguration section */
		34F168E11E4F0336005AC941 /* Debug */ = {
			isa = XCBuildConfiguration;
			buildSettings = {
				ALWAYS_SEARCH_USER_PATHS = NO;
				CLANG_ANALYZER_NONNULL = YES;
				CLANG_CXX_LANGUAGE_STANDARD = "gnu++0x";
				CLANG_CXX_LIBRARY = "libc++";
				CLANG_ENABLE_MODULES = YES;
				CLANG_ENABLE_OBJC_ARC = YES;
				CLANG_WARN_BOOL_CONVERSION = YES;
				CLANG_WARN_CONSTANT_CONVERSION = YES;
				CLANG_WARN_DIRECT_OBJC_ISA_USAGE = YES_ERROR;
				CLANG_WARN_DOCUMENTATION_COMMENTS = YES;
				CLANG_WARN_EMPTY_BODY = YES;
				CLANG_WARN_ENUM_CONVERSION = YES;
				CLANG_WARN_INFINITE_RECURSION = YES;
				CLANG_WARN_INT_CONVERSION = YES;
				CLANG_WARN_OBJC_ROOT_CLASS = YES_ERROR;
				CLANG_WARN_SUSPICIOUS_MOVE = YES;
				CLANG_WARN_UNREACHABLE_CODE = YES;
				CLANG_WARN__DUPLICATE_METHOD_MATCH = YES;
				"CODE_SIGN_IDENTITY[sdk=iphoneos*]" = "iPhone Developer";
				COPY_PHASE_STRIP = NO;
				DEBUG_INFORMATION_FORMAT = dwarf;
				ENABLE_STRICT_OBJC_MSGSEND = YES;
				ENABLE_TESTABILITY = YES;
				GCC_C_LANGUAGE_STANDARD = gnu99;
				GCC_DYNAMIC_NO_PIC = NO;
				GCC_NO_COMMON_BLOCKS = YES;
				GCC_OPTIMIZATION_LEVEL = 0;
				GCC_PREPROCESSOR_DEFINITIONS = (
					"DEBUG=1",
					"$(inherited)",
				);
				GCC_WARN_64_TO_32_BIT_CONVERSION = YES;
				GCC_WARN_ABOUT_RETURN_TYPE = YES_ERROR;
				GCC_WARN_UNDECLARED_SELECTOR = YES;
				GCC_WARN_UNINITIALIZED_AUTOS = YES_AGGRESSIVE;
				GCC_WARN_UNUSED_FUNCTION = YES;
				GCC_WARN_UNUSED_VARIABLE = YES;
				IPHONEOS_DEPLOYMENT_TARGET = 10.2;
				MTL_ENABLE_DEBUG_INFO = YES;
				ONLY_ACTIVE_ARCH = YES;
				SDKROOT = iphoneos;
				SWIFT_ACTIVE_COMPILATION_CONDITIONS = DEBUG;
				SWIFT_OPTIMIZATION_LEVEL = "-Onone";
				TARGETED_DEVICE_FAMILY = "1,2";
			};
			name = Debug;
		};
		34F168E21E4F0336005AC941 /* Release */ = {
			isa = XCBuildConfiguration;
			buildSettings = {
				ALWAYS_SEARCH_USER_PATHS = NO;
				CLANG_ANALYZER_NONNULL = YES;
				CLANG_CXX_LANGUAGE_STANDARD = "gnu++0x";
				CLANG_CXX_LIBRARY = "libc++";
				CLANG_ENABLE_MODULES = YES;
				CLANG_ENABLE_OBJC_ARC = YES;
				CLANG_WARN_BOOL_CONVERSION = YES;
				CLANG_WARN_CONSTANT_CONVERSION = YES;
				CLANG_WARN_DIRECT_OBJC_ISA_USAGE = YES_ERROR;
				CLANG_WARN_DOCUMENTATION_COMMENTS = YES;
				CLANG_WARN_EMPTY_BODY = YES;
				CLANG_WARN_ENUM_CONVERSION = YES;
				CLANG_WARN_INFINITE_RECURSION = YES;
				CLANG_WARN_INT_CONVERSION = YES;
				CLANG_WARN_OBJC_ROOT_CLASS = YES_ERROR;
				CLANG_WARN_SUSPICIOUS_MOVE = YES;
				CLANG_WARN_UNREACHABLE_CODE = YES;
				CLANG_WARN__DUPLICATE_METHOD_MATCH = YES;
				"CODE_SIGN_IDENTITY[sdk=iphoneos*]" = "iPhone Developer";
				COPY_PHASE_STRIP = NO;
				DEBUG_INFORMATION_FORMAT = "dwarf-with-dsym";
				ENABLE_NS_ASSERTIONS = NO;
				ENABLE_STRICT_OBJC_MSGSEND = YES;
				GCC_C_LANGUAGE_STANDARD = gnu99;
				GCC_NO_COMMON_BLOCKS = YES;
				GCC_WARN_64_TO_32_BIT_CONVERSION = YES;
				GCC_WARN_ABOUT_RETURN_TYPE = YES_ERROR;
				GCC_WARN_UNDECLARED_SELECTOR = YES;
				GCC_WARN_UNINITIALIZED_AUTOS = YES_AGGRESSIVE;
				GCC_WARN_UNUSED_FUNCTION = YES;
				GCC_WARN_UNUSED_VARIABLE = YES;
				IPHONEOS_DEPLOYMENT_TARGET = 10.2;
				MTL_ENABLE_DEBUG_INFO = NO;
				SDKROOT = iphoneos;
				SWIFT_OPTIMIZATION_LEVEL = "-Owholemodule";
				TARGETED_DEVICE_FAMILY = "1,2";
				VALIDATE_PRODUCT = YES;
			};
			name = Release;
		};
		34F168E41E4F0336005AC941 /* Debug */ = {
			isa = XCBuildConfiguration;
			buildSettings = {
				ASSETCATALOG_COMPILER_APPICON_NAME = AppIcon;
				CLANG_ENABLE_MODULES = YES;
				CODE_SIGN_ENTITLEMENTS = SwiftSimPush/SwiftSimPush.entitlements;
				DEVELOPMENT_TEAM = AX489K7TET;
				FRAMEWORK_SEARCH_PATHS = (
					"$(inherited)",
					"$(PROJECT_DIR)/SwiftSimPush",
				);
				HEADER_SEARCH_PATHS = "$(PROJECT_DIR)/SwiftSimPush";
				INFOPLIST_FILE = SwiftSimPush/Info.plist;
				LD_RUNPATH_SEARCH_PATHS = "$(inherited) @executable_path/Frameworks";
				PRODUCT_BUNDLE_IDENTIFIER = mobi.shipit.SwiftSimPush;
				PRODUCT_NAME = "$(TARGET_NAME)";
				SWIFT_OBJC_BRIDGING_HEADER = "SwiftSimPush/SwiftSimPush-Bridging-Header.h";
				SWIFT_OPTIMIZATION_LEVEL = "-Onone";
				SWIFT_VERSION = 3.0;
			};
			name = Debug;
		};
		34F168E51E4F0336005AC941 /* Release */ = {
			isa = XCBuildConfiguration;
			buildSettings = {
				ASSETCATALOG_COMPILER_APPICON_NAME = AppIcon;
				CLANG_ENABLE_MODULES = YES;
				CODE_SIGN_ENTITLEMENTS = SwiftSimPush/SwiftSimPush.entitlements;
				DEVELOPMENT_TEAM = AX489K7TET;
				FRAMEWORK_SEARCH_PATHS = (
					"$(inherited)",
					"$(PROJECT_DIR)/SwiftSimPush",
				);
				HEADER_SEARCH_PATHS = "$(PROJECT_DIR)/SwiftSimPush";
				INFOPLIST_FILE = SwiftSimPush/Info.plist;
				LD_RUNPATH_SEARCH_PATHS = "$(inherited) @executable_path/Frameworks";
				PRODUCT_BUNDLE_IDENTIFIER = mobi.shipit.SwiftSimPush;
				PRODUCT_NAME = "$(TARGET_NAME)";
				SWIFT_OBJC_BRIDGING_HEADER = "SwiftSimPush/SwiftSimPush-Bridging-Header.h";
				SWIFT_VERSION = 3.0;
			};
			name = Release;
		};
		34F168E71E4F0336005AC941 /* Debug */ = {
			isa = XCBuildConfiguration;
			buildSettings = {
				ALWAYS_EMBED_SWIFT_STANDARD_LIBRARIES = YES;
				BUNDLE_LOADER = "$(TEST_HOST)";
				DEVELOPMENT_TEAM = AX489K7TET;
				INFOPLIST_FILE = SwiftSimPushTests/Info.plist;
				LD_RUNPATH_SEARCH_PATHS = "$(inherited) @executable_path/Frameworks @loader_path/Frameworks";
				PRODUCT_BUNDLE_IDENTIFIER = mobi.shipit.SwiftSimPushTests;
				PRODUCT_NAME = "$(TARGET_NAME)";
				SWIFT_VERSION = 3.0;
				TEST_HOST = "$(BUILT_PRODUCTS_DIR)/SwiftSimPush.app/SwiftSimPush";
			};
			name = Debug;
		};
		34F168E81E4F0336005AC941 /* Release */ = {
			isa = XCBuildConfiguration;
			buildSettings = {
				ALWAYS_EMBED_SWIFT_STANDARD_LIBRARIES = YES;
				BUNDLE_LOADER = "$(TEST_HOST)";
				DEVELOPMENT_TEAM = AX489K7TET;
				INFOPLIST_FILE = SwiftSimPushTests/Info.plist;
				LD_RUNPATH_SEARCH_PATHS = "$(inherited) @executable_path/Frameworks @loader_path/Frameworks";
				PRODUCT_BUNDLE_IDENTIFIER = mobi.shipit.SwiftSimPushTests;
				PRODUCT_NAME = "$(TARGET_NAME)";
				SWIFT_VERSION = 3.0;
				TEST_HOST = "$(BUILT_PRODUCTS_DIR)/SwiftSimPush.app/SwiftSimPush";
			};
			name = Release;
		};
		34F168EA1E4F0336005AC941 /* Debug */ = {
			isa = XCBuildConfiguration;
			buildSettings = {
				ALWAYS_EMBED_SWIFT_STANDARD_LIBRARIES = YES;
				DEVELOPMENT_TEAM = AX489K7TET;
				INFOPLIST_FILE = SwiftSimPushUITests/Info.plist;
				LD_RUNPATH_SEARCH_PATHS = "$(inherited) @executable_path/Frameworks @loader_path/Frameworks";
				PRODUCT_BUNDLE_IDENTIFIER = mobi.shipit.SwiftSimPushUITests;
				PRODUCT_NAME = "$(TARGET_NAME)";
				SWIFT_VERSION = 3.0;
				TEST_TARGET_NAME = SwiftSimPush;
			};
			name = Debug;
		};
		34F168EB1E4F0336005AC941 /* Release */ = {
			isa = XCBuildConfiguration;
			buildSettings = {
				ALWAYS_EMBED_SWIFT_STANDARD_LIBRARIES = YES;
				DEVELOPMENT_TEAM = AX489K7TET;
				INFOPLIST_FILE = SwiftSimPushUITests/Info.plist;
				LD_RUNPATH_SEARCH_PATHS = "$(inherited) @executable_path/Frameworks @loader_path/Frameworks";
				PRODUCT_BUNDLE_IDENTIFIER = mobi.shipit.SwiftSimPushUITests;
				PRODUCT_NAME = "$(TARGET_NAME)";
				SWIFT_VERSION = 3.0;
				TEST_TARGET_NAME = SwiftSimPush;
			};
			name = Release;
		};
/* End XCBuildConfiguration section */

/* Begin XCConfigurationList section */
		34F168B61E4F0336005AC941 /* Build configuration list for PBXProject "SwiftSimPush" */ = {
			isa = XCConfigurationList;
			buildConfigurations = (
				34F168E11E4F0336005AC941 /* Debug */,
				34F168E21E4F0336005AC941 /* Release */,
			);
			defaultConfigurationIsVisible = 0;
			defaultConfigurationName = Release;
		};
		34F168E31E4F0336005AC941 /* Build configuration list for PBXNativeTarget "SwiftSimPush" */ = {
			isa = XCConfigurationList;
			buildConfigurations = (
				34F168E41E4F0336005AC941 /* Debug */,
				34F168E51E4F0336005AC941 /* Release */,
			);
			defaultConfigurationIsVisible = 0;
		};
		34F168E61E4F0336005AC941 /* Build configuration list for PBXNativeTarget "SwiftSimPushTests" */ = {
			isa = XCConfigurationList;
			buildConfigurations = (
				34F168E71E4F0336005AC941 /* Debug */,
				34F168E81E4F0336005AC941 /* Release */,
			);
			defaultConfigurationIsVisible = 0;
		};
		34F168E91E4F0336005AC941 /* Build configuration list for PBXNativeTarget "SwiftSimPushUITests" */ = {
			isa = XCConfigurationList;
			buildConfigurations = (
				34F168EA1E4F0336005AC941 /* Debug */,
				34F168EB1E4F0336005AC941 /* Release */,
			);
			defaultConfigurationIsVisible = 0;
		};
/* End XCConfigurationList section */
	};
	rootObject = 34F168B31E4F0336005AC941 /* Project object */;
}
